
Microsoft Visual Studio Solution File, Format Version 12.00
# Visual Studio Version 17
VisualStudioVersion = 17.3.32901.215
MinimumVisualStudioVersion = 10.0.40219.1
Project("{FAE04EC0-301F-11D3-BF4B-00C04F79EFBC}") = "filmArsivim", "filmArsivim\filmArsivim.csproj", "{B52F9CFA-6320-4157-830A-DBF600D8FC06}"
EndProject
Global
	GlobalSection(SolutionConfigurationPlatforms) = preSolution
		Debug|Any CPU = Debug|Any CPU
		Release|Any CPU = Release|Any CPU
	EndGlobalSection
	GlobalSection(ProjectConfigurationPlatforms) = postSolution
		{B52F9CFA-6320-4157-830A-DBF600D8FC06}.Debug|Any CPU.ActiveCfg = Debug|Any CPU
		{B52F9CFA-6320-4157-830A-DBF600D8FC06}.Debug|Any CPU.Build.0 = Debug|Any CPU
		{B52F9CFA-6320-4157-830A-DBF600D8FC06}.Release|Any CPU.ActiveCfg = Release|Any CPU
		{B52F9CFA-6320-4157-830A-DBF600D8FC06}.Release|Any CPU.Build.0 = Release|Any CPU
	EndGlobalSection
	GlobalSection(SolutionProperties) = preSolution
		HideSolutionNode = FALSE
	EndGlobalSection
	GlobalSection(ExtensibilityGlobals) = postSolution
		SolutionGuid = {D1BBB9EB-1710-4551-AC7D-1B4E7DC6FFFA}
	EndGlobalSection
EndGlobal
